
Microsoft Visual Studio Solution File, Format Version 12.00
# Visual Studio Version 17
VisualStudioVersion = 17.14.36202.13
MinimumVisualStudioVersion = 10.0.40219.1
Project("{FAE04EC0-301F-11D3-BF4B-00C04F79EFBC}") = "Job_Portal", "Job_Portal.csproj", "{48F34984-1DAA-4A67-8AAC-A3B7256B596E}"
EndProject
Project("{FAE04EC0-301F-11D3-BF4B-00C04F79EFBC}") = "Job_Portal.API", "Job_Portal.API\Job_Portal.API.csproj", "{096464CB-1848-4FE0-8029-44B56B6E1FB5}"
EndProject
Global
	GlobalSection(SolutionConfigurationPlatforms) = preSolution
		Debug|Any CPU = Debug|Any CPU
		Debug|x64 = Debug|x64
		Debug|x86 = Debug|x86
		Release|Any CPU = Release|Any CPU
		Release|x64 = Release|x64
		Release|x86 = Release|x86
	EndGlobalSection
	GlobalSection(ProjectConfigurationPlatforms) = postSolution
		{48F34984-1DAA-4A67-8AAC-A3B7256B596E}.Debug|Any CPU.ActiveCfg = Debug|Any CPU
		{48F34984-1DAA-4A67-8AAC-A3B7256B596E}.Debug|Any CPU.Build.0 = Debug|Any CPU
		{48F34984-1DAA-4A67-8AAC-A3B7256B596E}.Debug|x64.ActiveCfg = Debug|Any CPU
		{48F34984-1DAA-4A67-8AAC-A3B7256B596E}.Debug|x64.Build.0 = Debug|Any CPU
		{48F34984-1DAA-4A67-8AAC-A3B7256B596E}.Debug|x86.ActiveCfg = Debug|Any CPU
		{48F34984-1DAA-4A67-8AAC-A3B7256B596E}.Debug|x86.Build.0 = Debug|Any CPU
		{48F34984-1DAA-4A67-8AAC-A3B7256B596E}.Release|Any CPU.ActiveCfg = Release|Any CPU
		{48F34984-1DAA-4A67-8AAC-A3B7256B596E}.Release|Any CPU.Build.0 = Release|Any CPU
		{48F34984-1DAA-4A67-8AAC-A3B7256B596E}.Release|x64.ActiveCfg = Release|Any CPU
		{48F34984-1DAA-4A67-8AAC-A3B7256B596E}.Release|x64.Build.0 = Release|Any CPU
		{48F34984-1DAA-4A67-8AAC-A3B7256B596E}.Release|x86.ActiveCfg = Release|Any CPU
		{48F34984-1DAA-4A67-8AAC-A3B7256B596E}.Release|x86.Build.0 = Release|Any CPU
		{096464CB-1848-4FE0-8029-44B56B6E1FB5}.Debug|Any CPU.ActiveCfg = Debug|Any CPU
		{096464CB-1848-4FE0-8029-44B56B6E1FB5}.Debug|Any CPU.Build.0 = Debug|Any CPU
		{096464CB-1848-4FE0-8029-44B56B6E1FB5}.Debug|x64.ActiveCfg = Debug|Any CPU
		{096464CB-1848-4FE0-8029-44B56B6E1FB5}.Debug|x64.Build.0 = Debug|Any CPU
		{096464CB-1848-4FE0-8029-44B56B6E1FB5}.Debug|x86.ActiveCfg = Debug|Any CPU
		{096464CB-1848-4FE0-8029-44B56B6E1FB5}.Debug|x86.Build.0 = Debug|Any CPU
		{096464CB-1848-4FE0-8029-44B56B6E1FB5}.Release|Any CPU.ActiveCfg = Release|Any CPU
		{096464CB-1848-4FE0-8029-44B56B6E1FB5}.Release|Any CPU.Build.0 = Release|Any CPU
		{096464CB-1848-4FE0-8029-44B56B6E1FB5}.Release|x64.ActiveCfg = Release|Any CPU
		{096464CB-1848-4FE0-8029-44B56B6E1FB5}.Release|x64.Build.0 = Release|Any CPU
		{096464CB-1848-4FE0-8029-44B56B6E1FB5}.Release|x86.ActiveCfg = Release|Any CPU
		{096464CB-1848-4FE0-8029-44B56B6E1FB5}.Release|x86.Build.0 = Release|Any CPU
	EndGlobalSection
	GlobalSection(SolutionProperties) = preSolution
		HideSolutionNode = FALSE
	EndGlobalSection
	GlobalSection(ExtensibilityGlobals) = postSolution
		SolutionGuid = {82960D7C-66D6-4B8C-8B84-97829EC7E6DB}
	EndGlobalSection
EndGlobal
